// !$*UTF8*$!
{
	archiveVersion = 1;
	classes = {
	};
	objectVersion = 46;
	objects = {

/* Begin PBXBuildFile section */
		08D891CAA16B546E32C18005 /* libPods-Campus-Plus-Campus-PlusTests.a in Frameworks */ = {isa = PBXBuildFile; fileRef = 2F9736212F067040B6D3A651 /* libPods-Campus-Plus-Campus-PlusTests.a */; };
		3B7A2751A696E8A9A2524564 /* libPods-Campus-Plus-Campus-PlusUITests.a in Frameworks */ = {isa = PBXBuildFile; fileRef = A7732A92D9AF2C50D87D6EAA /* libPods-Campus-Plus-Campus-PlusUITests.a */; };
		4B05C5D21D0F07B90050A2AA /* main.m in Sources */ = {isa = PBXBuildFile; fileRef = 4B05C5D11D0F07B90050A2AA /* main.m */; };
		4B05C5D51D0F07B90050A2AA /* AppDelegate.m in Sources */ = {isa = PBXBuildFile; fileRef = 4B05C5D41D0F07B90050A2AA /* AppDelegate.m */; };
		4B05C5DB1D0F07B90050A2AA /* Main.storyboard in Resources */ = {isa = PBXBuildFile; fileRef = 4B05C5D91D0F07B90050A2AA /* Main.storyboard */; };
		4B05C5DD1D0F07B90050A2AA /* Assets.xcassets in Resources */ = {isa = PBXBuildFile; fileRef = 4B05C5DC1D0F07B90050A2AA /* Assets.xcassets */; };
		4B05C5E01D0F07B90050A2AA /* LaunchScreen.storyboard in Resources */ = {isa = PBXBuildFile; fileRef = 4B05C5DE1D0F07B90050A2AA /* LaunchScreen.storyboard */; };
		4B05C5EB1D0F07B90050A2AA /* Campus_PlusTests.m in Sources */ = {isa = PBXBuildFile; fileRef = 4B05C5EA1D0F07B90050A2AA /* Campus_PlusTests.m */; };
		4B05C5F61D0F07B90050A2AA /* Campus_PlusUITests.m in Sources */ = {isa = PBXBuildFile; fileRef = 4B05C5F51D0F07B90050A2AA /* Campus_PlusUITests.m */; };
		4B2020D11D3FADE200257003 /* AppDelegate+ZCShare.m in Sources */ = {isa = PBXBuildFile; fileRef = 4B2020D01D3FADE200257003 /* AppDelegate+ZCShare.m */; };
		4B389D9B1D40FC8B0017930C /* ZCFileManager.m in Sources */ = {isa = PBXBuildFile; fileRef = 4B389D9A1D40FC8B0017930C /* ZCFileManager.m */; };
		4B7146D31D4799CB00ACC1B6 /* ZCJNHttpTool.m in Sources */ = {isa = PBXBuildFile; fileRef = 4B7146D21D4799CB00ACC1B6 /* ZCJNHttpTool.m */; };
		4B75B9291D117FD60022C06E /* ZCCourseTableViewController.m in Sources */ = {isa = PBXBuildFile; fileRef = 4B75B9241D117FD60022C06E /* ZCCourseTableViewController.m */; };
		4B75B92A1D117FD60022C06E /* ZCTabBarViewController.m in Sources */ = {isa = PBXBuildFile; fileRef = 4B75B9281D117FD60022C06E /* ZCTabBarViewController.m */; };
		4B75B9391D117FDF0022C06E /* .gitkeep in Resources */ = {isa = PBXBuildFile; fileRef = 4B75B92E1D117FDF0022C06E /* .gitkeep */; };
		4B75B93A1D117FDF0022C06E /* .gitkeep in Resources */ = {isa = PBXBuildFile; fileRef = 4B75B9301D117FDF0022C06E /* .gitkeep */; };
		4B75B93B1D117FDF0022C06E /* BATabBar.m in Sources */ = {isa = PBXBuildFile; fileRef = 4B75B9321D117FDF0022C06E /* BATabBar.m */; };
		4B75B93C1D117FDF0022C06E /* BATabBarController.m in Sources */ = {isa = PBXBuildFile; fileRef = 4B75B9341D117FDF0022C06E /* BATabBarController.m */; };
		4B75B93D1D117FDF0022C06E /* BATabBarItem.m in Sources */ = {isa = PBXBuildFile; fileRef = 4B75B9361D117FDF0022C06E /* BATabBarItem.m */; };
		4B75B93E1D117FDF0022C06E /* UIColor+ColorWithHex.m in Sources */ = {isa = PBXBuildFile; fileRef = 4B75B9381D117FDF0022C06E /* UIColor+ColorWithHex.m */; };
		4BC98E071D1A371000207F92 /* ZCLoginViewController.m in Sources */ = {isa = PBXBuildFile; fileRef = 4BC98E061D1A371000207F92 /* ZCLoginViewController.m */; };
		80A85C3915C1CD1019CA821F /* libPods-Campus-Plus.a in Frameworks */ = {isa = PBXBuildFile; fileRef = CC853724A897D4C86C616A9B /* libPods-Campus-Plus.a */; };
/* End PBXBuildFile section */

/* Begin PBXContainerItemProxy section */
		4B05C5E71D0F07B90050A2AA /* PBXContainerItemProxy */ = {
			isa = PBXContainerItemProxy;
			containerPortal = 4B05C5C51D0F07B90050A2AA /* Project object */;
			proxyType = 1;
			remoteGlobalIDString = 4B05C5CC1D0F07B90050A2AA;
			remoteInfo = "Campus-Plus";
		};
		4B05C5F21D0F07B90050A2AA /* PBXContainerItemProxy */ = {
			isa = PBXContainerItemProxy;
			containerPortal = 4B05C5C51D0F07B90050A2AA /* Project object */;
			proxyType = 1;
			remoteGlobalIDString = 4B05C5CC1D0F07B90050A2AA;
			remoteInfo = "Campus-Plus";
		};
/* End PBXContainerItemProxy section */

/* Begin PBXFileReference section */
		2F9736212F067040B6D3A651 /* libPods-Campus-Plus-Campus-PlusTests.a */ = {isa = PBXFileReference; explicitFileType = archive.ar; includeInIndex = 0; path = "libPods-Campus-Plus-Campus-PlusTests.a"; sourceTree = BUILT_PRODUCTS_DIR; };
		3803E5A768E5BB13FA3334DB /* Pods-Campus-Plus.debug.xcconfig */ = {isa = PBXFileReference; includeInIndex = 1; lastKnownFileType = text.xcconfig; name = "Pods-Campus-Plus.debug.xcconfig"; path = "Pods/Target Support Files/Pods-Campus-Plus/Pods-Campus-Plus.debug.xcconfig"; sourceTree = "<group>"; };
		3BDC1AE817C57EE1A371748E /* Pods-Campus-Plus-Campus-PlusTests.release.xcconfig */ = {isa = PBXFileReference; includeInIndex = 1; lastKnownFileType = text.xcconfig; name = "Pods-Campus-Plus-Campus-PlusTests.release.xcconfig"; path = "Pods/Target Support Files/Pods-Campus-Plus-Campus-PlusTests/Pods-Campus-Plus-Campus-PlusTests.release.xcconfig"; sourceTree = "<group>"; };
		42E52CCF765A51082DF8616D /* Pods-Campus-Plus.release.xcconfig */ = {isa = PBXFileReference; includeInIndex = 1; lastKnownFileType = text.xcconfig; name = "Pods-Campus-Plus.release.xcconfig"; path = "Pods/Target Support Files/Pods-Campus-Plus/Pods-Campus-Plus.release.xcconfig"; sourceTree = "<group>"; };
		4B05C5CD1D0F07B90050A2AA /* Campus-Plus.app */ = {isa = PBXFileReference; explicitFileType = wrapper.application; includeInIndex = 0; path = "Campus-Plus.app"; sourceTree = BUILT_PRODUCTS_DIR; };
		4B05C5D11D0F07B90050A2AA /* main.m */ = {isa = PBXFileReference; lastKnownFileType = sourcecode.c.objc; path = main.m; sourceTree = "<group>"; };
		4B05C5D31D0F07B90050A2AA /* AppDelegate.h */ = {isa = PBXFileReference; lastKnownFileType = sourcecode.c.h; path = AppDelegate.h; sourceTree = "<group>"; };
		4B05C5D41D0F07B90050A2AA /* AppDelegate.m */ = {isa = PBXFileReference; lastKnownFileType = sourcecode.c.objc; path = AppDelegate.m; sourceTree = "<group>"; };
		4B05C5DA1D0F07B90050A2AA /* Base */ = {isa = PBXFileReference; lastKnownFileType = file.storyboard; name = Base; path = Base.lproj/Main.storyboard; sourceTree = "<group>"; };
		4B05C5DC1D0F07B90050A2AA /* Assets.xcassets */ = {isa = PBXFileReference; lastKnownFileType = folder.assetcatalog; path = Assets.xcassets; sourceTree = "<group>"; };
		4B05C5DF1D0F07B90050A2AA /* Base */ = {isa = PBXFileReference; lastKnownFileType = file.storyboard; name = Base; path = Base.lproj/LaunchScreen.storyboard; sourceTree = "<group>"; };
		4B05C5E11D0F07B90050A2AA /* Info.plist */ = {isa = PBXFileReference; lastKnownFileType = text.plist.xml; path = Info.plist; sourceTree = "<group>"; };
		4B05C5E61D0F07B90050A2AA /* Campus-PlusTests.xctest */ = {isa = PBXFileReference; explicitFileType = wrapper.cfbundle; includeInIndex = 0; path = "Campus-PlusTests.xctest"; sourceTree = BUILT_PRODUCTS_DIR; };
		4B05C5EA1D0F07B90050A2AA /* Campus_PlusTests.m */ = {isa = PBXFileReference; lastKnownFileType = sourcecode.c.objc; path = Campus_PlusTests.m; sourceTree = "<group>"; };
		4B05C5EC1D0F07B90050A2AA /* Info.plist */ = {isa = PBXFileReference; lastKnownFileType = text.plist.xml; path = Info.plist; sourceTree = "<group>"; };
		4B05C5F11D0F07B90050A2AA /* Campus-PlusUITests.xctest */ = {isa = PBXFileReference; explicitFileType = wrapper.cfbundle; includeInIndex = 0; path = "Campus-PlusUITests.xctest"; sourceTree = BUILT_PRODUCTS_DIR; };
		4B05C5F51D0F07B90050A2AA /* Campus_PlusUITests.m */ = {isa = PBXFileReference; lastKnownFileType = sourcecode.c.objc; path = Campus_PlusUITests.m; sourceTree = "<group>"; };
		4B05C5F71D0F07B90050A2AA /* Info.plist */ = {isa = PBXFileReference; lastKnownFileType = text.plist.xml; path = Info.plist; sourceTree = "<group>"; };
		4B05C6031D0F4C010050A2AA /* prefix.pch */ = {isa = PBXFileReference; fileEncoding = 4; lastKnownFileType = sourcecode.c.h; path = prefix.pch; sourceTree = "<group>"; };
		4B2020CF1D3FADE200257003 /* AppDelegate+ZCShare.h */ = {isa = PBXFileReference; fileEncoding = 4; lastKnownFileType = sourcecode.c.h; path = "AppDelegate+ZCShare.h"; sourceTree = "<group>"; };
		4B2020D01D3FADE200257003 /* AppDelegate+ZCShare.m */ = {isa = PBXFileReference; fileEncoding = 4; lastKnownFileType = sourcecode.c.objc; path = "AppDelegate+ZCShare.m"; sourceTree = "<group>"; };
		4B389D941D40F7CA0017930C /* ZCSingleton.h */ = {isa = PBXFileReference; fileEncoding = 4; lastKnownFileType = sourcecode.c.h; path = ZCSingleton.h; sourceTree = "<group>"; };
		4B389D991D40FC8B0017930C /* ZCFileManager.h */ = {isa = PBXFileReference; fileEncoding = 4; lastKnownFileType = sourcecode.c.h; path = ZCFileManager.h; sourceTree = "<group>"; };
		4B389D9A1D40FC8B0017930C /* ZCFileManager.m */ = {isa = PBXFileReference; fileEncoding = 4; lastKnownFileType = sourcecode.c.objc; path = ZCFileManager.m; sourceTree = "<group>"; };
		4B7146D11D4799CB00ACC1B6 /* ZCJNHttpTool.h */ = {isa = PBXFileReference; fileEncoding = 4; lastKnownFileType = sourcecode.c.h; path = ZCJNHttpTool.h; sourceTree = "<group>"; };
		4B7146D21D4799CB00ACC1B6 /* ZCJNHttpTool.m */ = {isa = PBXFileReference; fileEncoding = 4; lastKnownFileType = sourcecode.c.objc; path = ZCJNHttpTool.m; sourceTree = "<group>"; wrapsLines = 0; };
		4B7146D51D479CB400ACC1B6 /* ZCJxnuDefines.h */ = {isa = PBXFileReference; lastKnownFileType = sourcecode.c.h; path = ZCJxnuDefines.h; sourceTree = "<group>"; };
		4B75B9231D117FD60022C06E /* ZCCourseTableViewController.h */ = {isa = PBXFileReference; fileEncoding = 4; lastKnownFileType = sourcecode.c.h; path = ZCCourseTableViewController.h; sourceTree = "<group>"; };
		4B75B9241D117FD60022C06E /* ZCCourseTableViewController.m */ = {isa = PBXFileReference; fileEncoding = 4; lastKnownFileType = sourcecode.c.objc; path = ZCCourseTableViewController.m; sourceTree = "<group>"; };
		4B75B9271D117FD60022C06E /* ZCTabBarViewController.h */ = {isa = PBXFileReference; fileEncoding = 4; lastKnownFileType = sourcecode.c.h; path = ZCTabBarViewController.h; sourceTree = "<group>"; };
		4B75B9281D117FD60022C06E /* ZCTabBarViewController.m */ = {isa = PBXFileReference; fileEncoding = 4; lastKnownFileType = sourcecode.c.objc; path = ZCTabBarViewController.m; sourceTree = "<group>"; };
		4B75B92E1D117FDF0022C06E /* .gitkeep */ = {isa = PBXFileReference; fileEncoding = 4; lastKnownFileType = text; path = .gitkeep; sourceTree = "<group>"; };
		4B75B9301D117FDF0022C06E /* .gitkeep */ = {isa = PBXFileReference; fileEncoding = 4; lastKnownFileType = text; path = .gitkeep; sourceTree = "<group>"; };
		4B75B9311D117FDF0022C06E /* BATabBar.h */ = {isa = PBXFileReference; fileEncoding = 4; lastKnownFileType = sourcecode.c.h; path = BATabBar.h; sourceTree = "<group>"; };
		4B75B9321D117FDF0022C06E /* BATabBar.m */ = {isa = PBXFileReference; fileEncoding = 4; lastKnownFileType = sourcecode.c.objc; path = BATabBar.m; sourceTree = "<group>"; };
		4B75B9331D117FDF0022C06E /* BATabBarController.h */ = {isa = PBXFileReference; fileEncoding = 4; lastKnownFileType = sourcecode.c.h; path = BATabBarController.h; sourceTree = "<group>"; };
		4B75B9341D117FDF0022C06E /* BATabBarController.m */ = {isa = PBXFileReference; fileEncoding = 4; lastKnownFileType = sourcecode.c.objc; path = BATabBarController.m; sourceTree = "<group>"; };
		4B75B9351D117FDF0022C06E /* BATabBarItem.h */ = {isa = PBXFileReference; fileEncoding = 4; lastKnownFileType = sourcecode.c.h; path = BATabBarItem.h; sourceTree = "<group>"; };
		4B75B9361D117FDF0022C06E /* BATabBarItem.m */ = {isa = PBXFileReference; fileEncoding = 4; lastKnownFileType = sourcecode.c.objc; path = BATabBarItem.m; sourceTree = "<group>"; };
		4B75B9371D117FDF0022C06E /* UIColor+ColorWithHex.h */ = {isa = PBXFileReference; fileEncoding = 4; lastKnownFileType = sourcecode.c.h; path = "UIColor+ColorWithHex.h"; sourceTree = "<group>"; };
		4B75B9381D117FDF0022C06E /* UIColor+ColorWithHex.m */ = {isa = PBXFileReference; fileEncoding = 4; lastKnownFileType = sourcecode.c.objc; path = "UIColor+ColorWithHex.m"; sourceTree = "<group>"; };
		4BC98E051D1A371000207F92 /* ZCLoginViewController.h */ = {isa = PBXFileReference; fileEncoding = 4; lastKnownFileType = sourcecode.c.h; path = ZCLoginViewController.h; sourceTree = "<group>"; };
		4BC98E061D1A371000207F92 /* ZCLoginViewController.m */ = {isa = PBXFileReference; fileEncoding = 4; lastKnownFileType = sourcecode.c.objc; path = ZCLoginViewController.m; sourceTree = "<group>"; wrapsLines = 0; };
		9AF2AA719F7553AB158738AD /* Pods-Campus-Plus-Campus-PlusUITests.release.xcconfig */ = {isa = PBXFileReference; includeInIndex = 1; lastKnownFileType = text.xcconfig; name = "Pods-Campus-Plus-Campus-PlusUITests.release.xcconfig"; path = "Pods/Target Support Files/Pods-Campus-Plus-Campus-PlusUITests/Pods-Campus-Plus-Campus-PlusUITests.release.xcconfig"; sourceTree = "<group>"; };
		A7732A92D9AF2C50D87D6EAA /* libPods-Campus-Plus-Campus-PlusUITests.a */ = {isa = PBXFileReference; explicitFileType = archive.ar; includeInIndex = 0; path = "libPods-Campus-Plus-Campus-PlusUITests.a"; sourceTree = BUILT_PRODUCTS_DIR; };
		CC853724A897D4C86C616A9B /* libPods-Campus-Plus.a */ = {isa = PBXFileReference; explicitFileType = archive.ar; includeInIndex = 0; path = "libPods-Campus-Plus.a"; sourceTree = BUILT_PRODUCTS_DIR; };
		D60F84EA3630C9F209A74295 /* Pods-Campus-Plus-Campus-PlusUITests.debug.xcconfig */ = {isa = PBXFileReference; includeInIndex = 1; lastKnownFileType = text.xcconfig; name = "Pods-Campus-Plus-Campus-PlusUITests.debug.xcconfig"; path = "Pods/Target Support Files/Pods-Campus-Plus-Campus-PlusUITests/Pods-Campus-Plus-Campus-PlusUITests.debug.xcconfig"; sourceTree = "<group>"; };
		DC224C7929833629C7DF291C /* Pods-Campus-Plus-Campus-PlusTests.debug.xcconfig */ = {isa = PBXFileReference; includeInIndex = 1; lastKnownFileType = text.xcconfig; name = "Pods-Campus-Plus-Campus-PlusTests.debug.xcconfig"; path = "Pods/Target Support Files/Pods-Campus-Plus-Campus-PlusTests/Pods-Campus-Plus-Campus-PlusTests.debug.xcconfig"; sourceTree = "<group>"; };
/* End PBXFileReference section */

/* Begin PBXFrameworksBuildPhase section */
		4B05C5CA1D0F07B90050A2AA /* Frameworks */ = {
			isa = PBXFrameworksBuildPhase;
			buildActionMask = 2147483647;
			files = (
				80A85C3915C1CD1019CA821F /* libPods-Campus-Plus.a in Frameworks */,
			);
			runOnlyForDeploymentPostprocessing = 0;
		};
		4B05C5E31D0F07B90050A2AA /* Frameworks */ = {
			isa = PBXFrameworksBuildPhase;
			buildActionMask = 2147483647;
			files = (
				08D891CAA16B546E32C18005 /* libPods-Campus-Plus-Campus-PlusTests.a in Frameworks */,
			);
			runOnlyForDeploymentPostprocessing = 0;
		};
		4B05C5EE1D0F07B90050A2AA /* Frameworks */ = {
			isa = PBXFrameworksBuildPhase;
			buildActionMask = 2147483647;
			files = (
				3B7A2751A696E8A9A2524564 /* libPods-Campus-Plus-Campus-PlusUITests.a in Frameworks */,
			);
			runOnlyForDeploymentPostprocessing = 0;
		};
/* End PBXFrameworksBuildPhase section */

/* Begin PBXGroup section */
		4B05C5C41D0F07B90050A2AA = {
			isa = PBXGroup;
			children = (
				4B05C5CF1D0F07B90050A2AA /* Campus-Plus */,
				4B05C5E91D0F07B90050A2AA /* Campus-PlusTests */,
				4B05C5F41D0F07B90050A2AA /* Campus-PlusUITests */,
				4B05C5CE1D0F07B90050A2AA /* Products */,
				E936494354CB16DF38AFB225 /* Pods */,
				F93F89FD6F6C4376A5171ABA /* Frameworks */,
			);
			sourceTree = "<group>";
		};
		4B05C5CE1D0F07B90050A2AA /* Products */ = {
			isa = PBXGroup;
			children = (
				4B05C5CD1D0F07B90050A2AA /* Campus-Plus.app */,
				4B05C5E61D0F07B90050A2AA /* Campus-PlusTests.xctest */,
				4B05C5F11D0F07B90050A2AA /* Campus-PlusUITests.xctest */,
			);
			name = Products;
			sourceTree = "<group>";
		};
		4B05C5CF1D0F07B90050A2AA /* Campus-Plus */ = {
			isa = PBXGroup;
			children = (
				4B389D8E1D40F6F60017930C /* General */,
				4BC98E041D1A355100207F92 /* Test */,
				4B75B92B1D117FDF0022C06E /* Vendor */,
				4B75B9211D117FD60022C06E /* Classes */,
				4B05C5D31D0F07B90050A2AA /* AppDelegate.h */,
				4B05C5D41D0F07B90050A2AA /* AppDelegate.m */,
				4B2020CF1D3FADE200257003 /* AppDelegate+ZCShare.h */,
				4B2020D01D3FADE200257003 /* AppDelegate+ZCShare.m */,
				4B05C5D91D0F07B90050A2AA /* Main.storyboard */,
				4B05C5DC1D0F07B90050A2AA /* Assets.xcassets */,
				4B05C5DE1D0F07B90050A2AA /* LaunchScreen.storyboard */,
				4B05C5E11D0F07B90050A2AA /* Info.plist */,
				4B05C5D01D0F07B90050A2AA /* Supporting Files */,
			);
			path = "Campus-Plus";
			sourceTree = "<group>";
		};
		4B05C5D01D0F07B90050A2AA /* Supporting Files */ = {
			isa = PBXGroup;
			children = (
				4B05C5D11D0F07B90050A2AA /* main.m */,
				4B05C6031D0F4C010050A2AA /* prefix.pch */,
			);
			name = "Supporting Files";
			sourceTree = "<group>";
		};
		4B05C5E91D0F07B90050A2AA /* Campus-PlusTests */ = {
			isa = PBXGroup;
			children = (
				4B05C5EA1D0F07B90050A2AA /* Campus_PlusTests.m */,
				4B05C5EC1D0F07B90050A2AA /* Info.plist */,
			);
			path = "Campus-PlusTests";
			sourceTree = "<group>";
		};
		4B05C5F41D0F07B90050A2AA /* Campus-PlusUITests */ = {
			isa = PBXGroup;
			children = (
				4B05C5F51D0F07B90050A2AA /* Campus_PlusUITests.m */,
				4B05C5F71D0F07B90050A2AA /* Info.plist */,
			);
			path = "Campus-PlusUITests";
			sourceTree = "<group>";
		};
		4B389D8E1D40F6F60017930C /* General */ = {
			isa = PBXGroup;
			children = (
				4B389D8F1D40F7020017930C /* Util */,
			);
			name = General;
			sourceTree = "<group>";
		};
		4B389D8F1D40F7020017930C /* Util */ = {
			isa = PBXGroup;
			children = (
				4B7146D51D479CB400ACC1B6 /* ZCJxnuDefines.h */,
				4B389D941D40F7CA0017930C /* ZCSingleton.h */,
				4B7146D01D47990100ACC1B6 /* ZCHttpTool */,
				4B389D981D40FC780017930C /* ZCFileManager */,
			);
			name = Util;
			sourceTree = "<group>";
		};
		4B389D981D40FC780017930C /* ZCFileManager */ = {
			isa = PBXGroup;
			children = (
				4B389D991D40FC8B0017930C /* ZCFileManager.h */,
				4B389D9A1D40FC8B0017930C /* ZCFileManager.m */,
			);
			name = ZCFileManager;
			sourceTree = "<group>";
		};
		4B7146D01D47990100ACC1B6 /* ZCHttpTool */ = {
			isa = PBXGroup;
			children = (
				4B7146D11D4799CB00ACC1B6 /* ZCJNHttpTool.h */,
				4B7146D21D4799CB00ACC1B6 /* ZCJNHttpTool.m */,
			);
			name = ZCHttpTool;
			sourceTree = "<group>";
		};
		4B75B9211D117FD60022C06E /* Classes */ = {
			isa = PBXGroup;
			children = (
				4B75B9261D117FD60022C06E /* TabBar */,
				4B75B9251D117FD60022C06E /* Home */,
				4B75B9221D117FD60022C06E /* Course */,
			);
			path = Classes;
			sourceTree = "<group>";
		};
		4B75B9221D117FD60022C06E /* Course */ = {
			isa = PBXGroup;
			children = (
				4B75B9231D117FD60022C06E /* ZCCourseTableViewController.h */,
				4B75B9241D117FD60022C06E /* ZCCourseTableViewController.m */,
			);
			path = Course;
			sourceTree = "<group>";
		};
		4B75B9251D117FD60022C06E /* Home */ = {
			isa = PBXGroup;
			children = (
				4BC98E051D1A371000207F92 /* ZCLoginViewController.h */,
				4BC98E061D1A371000207F92 /* ZCLoginViewController.m */,
			);
			path = Home;
			sourceTree = "<group>";
		};
		4B75B9261D117FD60022C06E /* TabBar */ = {
			isa = PBXGroup;
			children = (
				4B75B9271D117FD60022C06E /* ZCTabBarViewController.h */,
				4B75B9281D117FD60022C06E /* ZCTabBarViewController.m */,
			);
			path = TabBar;
			sourceTree = "<group>";
		};
		4B75B92B1D117FDF0022C06E /* Vendor */ = {
			isa = PBXGroup;
			children = (
				4B75B92C1D117FDF0022C06E /* BATabBarController */,
			);
			path = Vendor;
			sourceTree = "<group>";
		};
		4B75B92C1D117FDF0022C06E /* BATabBarController */ = {
			isa = PBXGroup;
			children = (
				4B75B92D1D117FDF0022C06E /* Assets */,
				4B75B92F1D117FDF0022C06E /* Classes */,
			);
			path = BATabBarController;
			sourceTree = "<group>";
		};
		4B75B92D1D117FDF0022C06E /* Assets */ = {
			isa = PBXGroup;
			children = (
				4B75B92E1D117FDF0022C06E /* .gitkeep */,
			);
			path = Assets;
			sourceTree = "<group>";
		};
		4B75B92F1D117FDF0022C06E /* Classes */ = {
			isa = PBXGroup;
			children = (
				4B75B9301D117FDF0022C06E /* .gitkeep */,
				4B75B9311D117FDF0022C06E /* BATabBar.h */,
				4B75B9321D117FDF0022C06E /* BATabBar.m */,
				4B75B9331D117FDF0022C06E /* BATabBarController.h */,
				4B75B9341D117FDF0022C06E /* BATabBarController.m */,
				4B75B9351D117FDF0022C06E /* BATabBarItem.h */,
				4B75B9361D117FDF0022C06E /* BATabBarItem.m */,
				4B75B9371D117FDF0022C06E /* UIColor+ColorWithHex.h */,
				4B75B9381D117FDF0022C06E /* UIColor+ColorWithHex.m */,
			);
			path = Classes;
			sourceTree = "<group>";
		};
		4BC98E041D1A355100207F92 /* Test */ = {
			isa = PBXGroup;
			children = (
			);
			name = Test;
			sourceTree = "<group>";
		};
		E936494354CB16DF38AFB225 /* Pods */ = {
			isa = PBXGroup;
			children = (
				3803E5A768E5BB13FA3334DB /* Pods-Campus-Plus.debug.xcconfig */,
				42E52CCF765A51082DF8616D /* Pods-Campus-Plus.release.xcconfig */,
				DC224C7929833629C7DF291C /* Pods-Campus-Plus-Campus-PlusTests.debug.xcconfig */,
				3BDC1AE817C57EE1A371748E /* Pods-Campus-Plus-Campus-PlusTests.release.xcconfig */,
				D60F84EA3630C9F209A74295 /* Pods-Campus-Plus-Campus-PlusUITests.debug.xcconfig */,
				9AF2AA719F7553AB158738AD /* Pods-Campus-Plus-Campus-PlusUITests.release.xcconfig */,
			);
			name = Pods;
			sourceTree = "<group>";
		};
		F93F89FD6F6C4376A5171ABA /* Frameworks */ = {
			isa = PBXGroup;
			children = (
				CC853724A897D4C86C616A9B /* libPods-Campus-Plus.a */,
				2F9736212F067040B6D3A651 /* libPods-Campus-Plus-Campus-PlusTests.a */,
				A7732A92D9AF2C50D87D6EAA /* libPods-Campus-Plus-Campus-PlusUITests.a */,
			);
			name = Frameworks;
			sourceTree = "<group>";
		};
/* End PBXGroup section */

/* Begin PBXNativeTarget section */
		4B05C5CC1D0F07B90050A2AA /* Campus-Plus */ = {
			isa = PBXNativeTarget;
			buildConfigurationList = 4B05C5FA1D0F07B90050A2AA /* Build configuration list for PBXNativeTarget "Campus-Plus" */;
			buildPhases = (
				B6C96C33960E6322596A57E0 /* 📦 Check Pods Manifest.lock */,
				4B05C5C91D0F07B90050A2AA /* Sources */,
				4B05C5CA1D0F07B90050A2AA /* Frameworks */,
				4B05C5CB1D0F07B90050A2AA /* Resources */,
				EFAC475F9340534ABC0C8949 /* 📦 Embed Pods Frameworks */,
				FE1384C720A760D4B8977043 /* 📦 Copy Pods Resources */,
			);
			buildRules = (
			);
			dependencies = (
			);
			name = "Campus-Plus";
			productName = "Campus-Plus";
			productReference = 4B05C5CD1D0F07B90050A2AA /* Campus-Plus.app */;
			productType = "com.apple.product-type.application";
		};
		4B05C5E51D0F07B90050A2AA /* Campus-PlusTests */ = {
			isa = PBXNativeTarget;
			buildConfigurationList = 4B05C5FD1D0F07B90050A2AA /* Build configuration list for PBXNativeTarget "Campus-PlusTests" */;
			buildPhases = (
				54A61BBCCB1DC998363839C6 /* 📦 Check Pods Manifest.lock */,
				4B05C5E21D0F07B90050A2AA /* Sources */,
				4B05C5E31D0F07B90050A2AA /* Frameworks */,
				4B05C5E41D0F07B90050A2AA /* Resources */,
				D25366200141D8B467D4BBB4 /* 📦 Embed Pods Frameworks */,
				CFE841FE306913397299407E /* 📦 Copy Pods Resources */,
			);
			buildRules = (
			);
			dependencies = (
				4B05C5E81D0F07B90050A2AA /* PBXTargetDependency */,
			);
			name = "Campus-PlusTests";
			productName = "Campus-PlusTests";
			productReference = 4B05C5E61D0F07B90050A2AA /* Campus-PlusTests.xctest */;
			productType = "com.apple.product-type.bundle.unit-test";
		};
		4B05C5F01D0F07B90050A2AA /* Campus-PlusUITests */ = {
			isa = PBXNativeTarget;
			buildConfigurationList = 4B05C6001D0F07B90050A2AA /* Build configuration list for PBXNativeTarget "Campus-PlusUITests" */;
			buildPhases = (
				A4CF99A6F5B907DAC1E0A7A4 /* 📦 Check Pods Manifest.lock */,
				4B05C5ED1D0F07B90050A2AA /* Sources */,
				4B05C5EE1D0F07B90050A2AA /* Frameworks */,
				4B05C5EF1D0F07B90050A2AA /* Resources */,
				8D82F1998423A1FBA995967E /* 📦 Copy Pods Resources */,
			);
			buildRules = (
			);
			dependencies = (
				4B05C5F31D0F07B90050A2AA /* PBXTargetDependency */,
			);
			name = "Campus-PlusUITests";
			productName = "Campus-PlusUITests";
			productReference = 4B05C5F11D0F07B90050A2AA /* Campus-PlusUITests.xctest */;
			productType = "com.apple.product-type.bundle.ui-testing";
		};
/* End PBXNativeTarget section */

/* Begin PBXProject section */
		4B05C5C51D0F07B90050A2AA /* Project object */ = {
			isa = PBXProject;
			attributes = {
				CLASSPREFIX = ZC;
				LastUpgradeCheck = 0730;
				ORGANIZATIONNAME = zcill;
				TargetAttributes = {
					4B05C5CC1D0F07B90050A2AA = {
						CreatedOnToolsVersion = 7.3;
						DevelopmentTeam = 6PRCTVW4F9;
					};
					4B05C5E51D0F07B90050A2AA = {
						CreatedOnToolsVersion = 7.3;
						TestTargetID = 4B05C5CC1D0F07B90050A2AA;
					};
					4B05C5F01D0F07B90050A2AA = {
						CreatedOnToolsVersion = 7.3;
						TestTargetID = 4B05C5CC1D0F07B90050A2AA;
					};
				};
			};
			buildConfigurationList = 4B05C5C81D0F07B90050A2AA /* Build configuration list for PBXProject "Campus-Plus" */;
			compatibilityVersion = "Xcode 3.2";
			developmentRegion = English;
			hasScannedForEncodings = 0;
			knownRegions = (
				en,
				Base,
			);
			mainGroup = 4B05C5C41D0F07B90050A2AA;
			productRefGroup = 4B05C5CE1D0F07B90050A2AA /* Products */;
			projectDirPath = "";
			projectRoot = "";
			targets = (
				4B05C5CC1D0F07B90050A2AA /* Campus-Plus */,
				4B05C5E51D0F07B90050A2AA /* Campus-PlusTests */,
				4B05C5F01D0F07B90050A2AA /* Campus-PlusUITests */,
			);
		};
/* End PBXProject section */

/* Begin PBXResourcesBuildPhase section */
		4B05C5CB1D0F07B90050A2AA /* Resources */ = {
			isa = PBXResourcesBuildPhase;
			buildActionMask = 2147483647;
			files = (
				4B05C5E01D0F07B90050A2AA /* LaunchScreen.storyboard in Resources */,
				4B05C5DD1D0F07B90050A2AA /* Assets.xcassets in Resources */,
				4B75B93A1D117FDF0022C06E /* .gitkeep in Resources */,
				4B05C5DB1D0F07B90050A2AA /* Main.storyboard in Resources */,
				4B75B9391D117FDF0022C06E /* .gitkeep in Resources */,
			);
			runOnlyForDeploymentPostprocessing = 0;
		};
		4B05C5E41D0F07B90050A2AA /* Resources */ = {
			isa = PBXResourcesBuildPhase;
			buildActionMask = 2147483647;
			files = (
			);
			runOnlyForDeploymentPostprocessing = 0;
		};
		4B05C5EF1D0F07B90050A2AA /* Resources */ = {
			isa = PBXResourcesBuildPhase;
			buildActionMask = 2147483647;
			files = (
			);
			runOnlyForDeploymentPostprocessing = 0;
		};
/* End PBXResourcesBuildPhase section */

/* Begin PBXShellScriptBuildPhase section */
		54A61BBCCB1DC998363839C6 /* 📦 Check Pods Manifest.lock */ = {
			isa = PBXShellScriptBuildPhase;
			buildActionMask = 2147483647;
			files = (
			);
			inputPaths = (
			);
			name = "📦 Check Pods Manifest.lock";
			outputPaths = (
			);
			runOnlyForDeploymentPostprocessing = 0;
			shellPath = /bin/sh;
			shellScript = "diff \"${PODS_ROOT}/../Podfile.lock\" \"${PODS_ROOT}/Manifest.lock\" > /dev/null\nif [[ $? != 0 ]] ; then\n    cat << EOM\nerror: The sandbox is not in sync with the Podfile.lock. Run 'pod install' or update your CocoaPods installation.\nEOM\n    exit 1\nfi\n";
			showEnvVarsInLog = 0;
		};
		8D82F1998423A1FBA995967E /* 📦 Copy Pods Resources */ = {
			isa = PBXShellScriptBuildPhase;
			buildActionMask = 2147483647;
			files = (
			);
			inputPaths = (
			);
			name = "📦 Copy Pods Resources";
			outputPaths = (
			);
			runOnlyForDeploymentPostprocessing = 0;
			shellPath = /bin/sh;
			shellScript = "\"${SRCROOT}/Pods/Target Support Files/Pods-Campus-Plus-Campus-PlusUITests/Pods-Campus-Plus-Campus-PlusUITests-resources.sh\"\n";
			showEnvVarsInLog = 0;
		};
		A4CF99A6F5B907DAC1E0A7A4 /* 📦 Check Pods Manifest.lock */ = {
			isa = PBXShellScriptBuildPhase;
			buildActionMask = 2147483647;
			files = (
			);
			inputPaths = (
			);
			name = "📦 Check Pods Manifest.lock";
			outputPaths = (
			);
			runOnlyForDeploymentPostprocessing = 0;
			shellPath = /bin/sh;
			shellScript = "diff \"${PODS_ROOT}/../Podfile.lock\" \"${PODS_ROOT}/Manifest.lock\" > /dev/null\nif [[ $? != 0 ]] ; then\n    cat << EOM\nerror: The sandbox is not in sync with the Podfile.lock. Run 'pod install' or update your CocoaPods installation.\nEOM\n    exit 1\nfi\n";
			showEnvVarsInLog = 0;
		};
		B6C96C33960E6322596A57E0 /* 📦 Check Pods Manifest.lock */ = {
			isa = PBXShellScriptBuildPhase;
			buildActionMask = 2147483647;
			files = (
			);
			inputPaths = (
			);
			name = "📦 Check Pods Manifest.lock";
			outputPaths = (
			);
			runOnlyForDeploymentPostprocessing = 0;
			shellPath = /bin/sh;
			shellScript = "diff \"${PODS_ROOT}/../Podfile.lock\" \"${PODS_ROOT}/Manifest.lock\" > /dev/null\nif [[ $? != 0 ]] ; then\n    cat << EOM\nerror: The sandbox is not in sync with the Podfile.lock. Run 'pod install' or update your CocoaPods installation.\nEOM\n    exit 1\nfi\n";
			showEnvVarsInLog = 0;
		};
		CFE841FE306913397299407E /* 📦 Copy Pods Resources */ = {
			isa = PBXShellScriptBuildPhase;
			buildActionMask = 2147483647;
			files = (
			);
			inputPaths = (
			);
			name = "📦 Copy Pods Resources";
			outputPaths = (
			);
			runOnlyForDeploymentPostprocessing = 0;
			shellPath = /bin/sh;
			shellScript = "\"${SRCROOT}/Pods/Target Support Files/Pods-Campus-Plus-Campus-PlusTests/Pods-Campus-Plus-Campus-PlusTests-resources.sh\"\n";
			showEnvVarsInLog = 0;
		};
		D25366200141D8B467D4BBB4 /* 📦 Embed Pods Frameworks */ = {
			isa = PBXShellScriptBuildPhase;
			buildActionMask = 2147483647;
			files = (
			);
			inputPaths = (
			);
			name = "📦 Embed Pods Frameworks";
			outputPaths = (
			);
			runOnlyForDeploymentPostprocessing = 0;
			shellPath = /bin/sh;
			shellScript = "\"${SRCROOT}/Pods/Target Support Files/Pods-Campus-Plus-Campus-PlusTests/Pods-Campus-Plus-Campus-PlusTests-frameworks.sh\"\n";
			showEnvVarsInLog = 0;
		};
		EFAC475F9340534ABC0C8949 /* 📦 Embed Pods Frameworks */ = {
			isa = PBXShellScriptBuildPhase;
			buildActionMask = 2147483647;
			files = (
			);
			inputPaths = (
			);
			name = "📦 Embed Pods Frameworks";
			outputPaths = (
			);
			runOnlyForDeploymentPostprocessing = 0;
			shellPath = /bin/sh;
			shellScript = "\"${SRCROOT}/Pods/Target Support Files/Pods-Campus-Plus/Pods-Campus-Plus-frameworks.sh\"\n";
			showEnvVarsInLog = 0;
		};
		FE1384C720A760D4B8977043 /* 📦 Copy Pods Resources */ = {
			isa = PBXShellScriptBuildPhase;
			buildActionMask = 2147483647;
			files = (
			);
			inputPaths = (
			);
			name = "📦 Copy Pods Resources";
			outputPaths = (
			);
			runOnlyForDeploymentPostprocessing = 0;
			shellPath = /bin/sh;
			shellScript = "\"${SRCROOT}/Pods/Target Support Files/Pods-Campus-Plus/Pods-Campus-Plus-resources.sh\"\n";
			showEnvVarsInLog = 0;
		};
/* End PBXShellScriptBuildPhase section */

/* Begin PBXSourcesBuildPhase section */
		4B05C5C91D0F07B90050A2AA /* Sources */ = {
			isa = PBXSourcesBuildPhase;
			buildActionMask = 2147483647;
			files = (
				4B75B93D1D117FDF0022C06E /* BATabBarItem.m in Sources */,
				4B75B93E1D117FDF0022C06E /* UIColor+ColorWithHex.m in Sources */,
				4B05C5D51D0F07B90050A2AA /* AppDelegate.m in Sources */,
				4B05C5D21D0F07B90050A2AA /* main.m in Sources */,
				4B7146D31D4799CB00ACC1B6 /* ZCJNHttpTool.m in Sources */,
				4B75B9291D117FD60022C06E /* ZCCourseTableViewController.m in Sources */,
				4BC98E071D1A371000207F92 /* ZCLoginViewController.m in Sources */,
				4B389D9B1D40FC8B0017930C /* ZCFileManager.m in Sources */,
				4B75B93B1D117FDF0022C06E /* BATabBar.m in Sources */,
				4B75B93C1D117FDF0022C06E /* BATabBarController.m in Sources */,
				4B75B92A1D117FD60022C06E /* ZCTabBarViewController.m in Sources */,
				4B2020D11D3FADE200257003 /* AppDelegate+ZCShare.m in Sources */,
			);
			runOnlyForDeploymentPostprocessing = 0;
		};
		4B05C5E21D0F07B90050A2AA /* Sources */ = {
			isa = PBXSourcesBuildPhase;
			buildActionMask = 2147483647;
			files = (
				4B05C5EB1D0F07B90050A2AA /* Campus_PlusTests.m in Sources */,
			);
			runOnlyForDeploymentPostprocessing = 0;
		};
		4B05C5ED1D0F07B90050A2AA /* Sources */ = {
			isa = PBXSourcesBuildPhase;
			buildActionMask = 2147483647;
			files = (
				4B05C5F61D0F07B90050A2AA /* Campus_PlusUITests.m in Sources */,
			);
			runOnlyForDeploymentPostprocessing = 0;
		};
/* End PBXSourcesBuildPhase section */

/* Begin PBXTargetDependency section */
		4B05C5E81D0F07B90050A2AA /* PBXTargetDependency */ = {
			isa = PBXTargetDependency;
			target = 4B05C5CC1D0F07B90050A2AA /* Campus-Plus */;
			targetProxy = 4B05C5E71D0F07B90050A2AA /* PBXContainerItemProxy */;
		};
		4B05C5F31D0F07B90050A2AA /* PBXTargetDependency */ = {
			isa = PBXTargetDependency;
			target = 4B05C5CC1D0F07B90050A2AA /* Campus-Plus */;
			targetProxy = 4B05C5F21D0F07B90050A2AA /* PBXContainerItemProxy */;
		};
/* End PBXTargetDependency section */

/* Begin PBXVariantGroup section */
		4B05C5D91D0F07B90050A2AA /* Main.storyboard */ = {
			isa = PBXVariantGroup;
			children = (
				4B05C5DA1D0F07B90050A2AA /* Base */,
			);
			name = Main.storyboard;
			sourceTree = "<group>";
		};
		4B05C5DE1D0F07B90050A2AA /* LaunchScreen.storyboard */ = {
			isa = PBXVariantGroup;
			children = (
				4B05C5DF1D0F07B90050A2AA /* Base */,
			);
			name = LaunchScreen.storyboard;
			sourceTree = "<group>";
		};
/* End PBXVariantGroup section */

/* Begin XCBuildConfiguration section */
		4B05C5F81D0F07B90050A2AA /* Debug */ = {
			isa = XCBuildConfiguration;
			buildSettings = {
				ALWAYS_SEARCH_USER_PATHS = NO;
				CLANG_ANALYZER_NONNULL = YES;
				CLANG_CXX_LANGUAGE_STANDARD = "gnu++0x";
				CLANG_CXX_LIBRARY = "libc++";
				CLANG_ENABLE_MODULES = YES;
				CLANG_ENABLE_OBJC_ARC = YES;
				CLANG_WARN_BOOL_CONVERSION = YES;
				CLANG_WARN_CONSTANT_CONVERSION = YES;
				CLANG_WARN_DIRECT_OBJC_ISA_USAGE = YES_ERROR;
				CLANG_WARN_EMPTY_BODY = YES;
				CLANG_WARN_ENUM_CONVERSION = YES;
				CLANG_WARN_INT_CONVERSION = YES;
				CLANG_WARN_OBJC_ROOT_CLASS = YES_ERROR;
				CLANG_WARN_UNREACHABLE_CODE = YES;
				CLANG_WARN__DUPLICATE_METHOD_MATCH = YES;
				"CODE_SIGN_IDENTITY[sdk=iphoneos*]" = "iPhone Developer";
				COPY_PHASE_STRIP = NO;
				DEBUG_INFORMATION_FORMAT = dwarf;
				ENABLE_STRICT_OBJC_MSGSEND = YES;
				ENABLE_TESTABILITY = YES;
				GCC_C_LANGUAGE_STANDARD = gnu99;
				GCC_DYNAMIC_NO_PIC = NO;
				GCC_NO_COMMON_BLOCKS = YES;
				GCC_OPTIMIZATION_LEVEL = 0;
				GCC_PREPROCESSOR_DEFINITIONS = (
					"DEBUG=1",
					"$(inherited)",
				);
				GCC_WARN_64_TO_32_BIT_CONVERSION = YES;
				GCC_WARN_ABOUT_RETURN_TYPE = YES_ERROR;
				GCC_WARN_UNDECLARED_SELECTOR = YES;
				GCC_WARN_UNINITIALIZED_AUTOS = YES_AGGRESSIVE;
				GCC_WARN_UNUSED_FUNCTION = YES;
				GCC_WARN_UNUSED_VARIABLE = YES;
				IPHONEOS_DEPLOYMENT_TARGET = 9.3;
				MTL_ENABLE_DEBUG_INFO = YES;
				ONLY_ACTIVE_ARCH = YES;
				SDKROOT = iphoneos;
				TARGETED_DEVICE_FAMILY = "1,2";
			};
			name = Debug;
		};
		4B05C5F91D0F07B90050A2AA /* Release */ = {
			isa = XCBuildConfiguration;
			buildSettings = {
				ALWAYS_SEARCH_USER_PATHS = NO;
				CLANG_ANALYZER_NONNULL = YES;
				CLANG_CXX_LANGUAGE_STANDARD = "gnu++0x";
				CLANG_CXX_LIBRARY = "libc++";
				CLANG_ENABLE_MODULES = YES;
				CLANG_ENABLE_OBJC_ARC = YES;
				CLANG_WARN_BOOL_CONVERSION = YES;
				CLANG_WARN_CONSTANT_CONVERSION = YES;
				CLANG_WARN_DIRECT_OBJC_ISA_USAGE = YES_ERROR;
				CLANG_WARN_EMPTY_BODY = YES;
				CLANG_WARN_ENUM_CONVERSION = YES;
				CLANG_WARN_INT_CONVERSION = YES;
				CLANG_WARN_OBJC_ROOT_CLASS = YES_ERROR;
				CLANG_WARN_UNREACHABLE_CODE = YES;
				CLANG_WARN__DUPLICATE_METHOD_MATCH = YES;
				"CODE_SIGN_IDENTITY[sdk=iphoneos*]" = "iPhone Developer";
				COPY_PHASE_STRIP = NO;
				DEBUG_INFORMATION_FORMAT = "dwarf-with-dsym";
				ENABLE_NS_ASSERTIONS = NO;
				ENABLE_STRICT_OBJC_MSGSEND = YES;
				GCC_C_LANGUAGE_STANDARD = gnu99;
				GCC_NO_COMMON_BLOCKS = YES;
				GCC_WARN_64_TO_32_BIT_CONVERSION = YES;
				GCC_WARN_ABOUT_RETURN_TYPE = YES_ERROR;
				GCC_WARN_UNDECLARED_SELECTOR = YES;
				GCC_WARN_UNINITIALIZED_AUTOS = YES_AGGRESSIVE;
				GCC_WARN_UNUSED_FUNCTION = YES;
				GCC_WARN_UNUSED_VARIABLE = YES;
				IPHONEOS_DEPLOYMENT_TARGET = 9.3;
				MTL_ENABLE_DEBUG_INFO = NO;
				SDKROOT = iphoneos;
				TARGETED_DEVICE_FAMILY = "1,2";
				VALIDATE_PRODUCT = YES;
			};
			name = Release;
		};
		4B05C5FB1D0F07B90050A2AA /* Debug */ = {
			isa = XCBuildConfiguration;
			baseConfigurationReference = 3803E5A768E5BB13FA3334DB /* Pods-Campus-Plus.debug.xcconfig */;
			buildSettings = {
				ASSETCATALOG_COMPILER_APPICON_NAME = AppIcon;
				CODE_SIGN_IDENTITY = "iPhone Developer";
				GCC_PREFIX_HEADER = $SRCROOT/$PRODUCT_NAME/prefix.pch;
				INFOPLIST_FILE = "Campus-Plus/Info.plist";
				IPHONEOS_DEPLOYMENT_TARGET = 8.0;
				LD_RUNPATH_SEARCH_PATHS = "$(inherited) @executable_path/Frameworks";
				PRODUCT_BUNDLE_IDENTIFIER = "com.zcill.Campus-Plus";
				PRODUCT_NAME = "$(TARGET_NAME)";
				TARGETED_DEVICE_FAMILY = 1;
			};
			name = Debug;
		};
		4B05C5FC1D0F07B90050A2AA /* Release */ = {
			isa = XCBuildConfiguration;
			baseConfigurationReference = 42E52CCF765A51082DF8616D /* Pods-Campus-Plus.release.xcconfig */;
			buildSettings = {
				ASSETCATALOG_COMPILER_APPICON_NAME = AppIcon;
				CODE_SIGN_IDENTITY = "iPhone Developer";
				GCC_PREFIX_HEADER = $SRCROOT/$PRODUCT_NAME/prefix.pch;
				INFOPLIST_FILE = "Campus-Plus/Info.plist";
				IPHONEOS_DEPLOYMENT_TARGET = 8.0;
				LD_RUNPATH_SEARCH_PATHS = "$(inherited) @executable_path/Frameworks";
				PRODUCT_BUNDLE_IDENTIFIER = "com.zcill.Campus-Plus";
				PRODUCT_NAME = "$(TARGET_NAME)";
				TARGETED_DEVICE_FAMILY = 1;
			};
			name = Release;
		};
		4B05C5FE1D0F07B90050A2AA /* Debug */ = {
			isa = XCBuildConfiguration;
			baseConfigurationReference = DC224C7929833629C7DF291C /* Pods-Campus-Plus-Campus-PlusTests.debug.xcconfig */;
			buildSettings = {
				BUNDLE_LOADER = "$(TEST_HOST)";
				INFOPLIST_FILE = "Campus-PlusTests/Info.plist";
				LD_RUNPATH_SEARCH_PATHS = "$(inherited) @executable_path/Frameworks @loader_path/Frameworks";
				PRODUCT_BUNDLE_IDENTIFIER = "com.zcill.Campus-PlusTests";
				PRODUCT_NAME = "$(TARGET_NAME)";
				TEST_HOST = "$(BUILT_PRODUCTS_DIR)/Campus-Plus.app/Campus-Plus";
			};
			name = Debug;
		};
		4B05C5FF1D0F07B90050A2AA /* Release */ = {
			isa = XCBuildConfiguration;
			baseConfigurationReference = 3BDC1AE817C57EE1A371748E /* Pods-Campus-Plus-Campus-PlusTests.release.xcconfig */;
			buildSettings = {
				BUNDLE_LOADER = "$(TEST_HOST)";
				INFOPLIST_FILE = "Campus-PlusTests/Info.plist";
				LD_RUNPATH_SEARCH_PATHS = "$(inherited) @executable_path/Frameworks @loader_path/Frameworks";
				PRODUCT_BUNDLE_IDENTIFIER = "com.zcill.Campus-PlusTests";
				PRODUCT_NAME = "$(TARGET_NAME)";
				TEST_HOST = "$(BUILT_PRODUCTS_DIR)/Campus-Plus.app/Campus-Plus";
			};
			name = Release;
		};
		4B05C6011D0F07B90050A2AA /* Debug */ = {
			isa = XCBuildConfiguration;
			baseConfigurationReference = D60F84EA3630C9F209A74295 /* Pods-Campus-Plus-Campus-PlusUITests.debug.xcconfig */;
			buildSettings = {
				INFOPLIST_FILE = "Campus-PlusUITests/Info.plist";
				LD_RUNPATH_SEARCH_PATHS = "$(inherited) @executable_path/Frameworks @loader_path/Frameworks";
				PRODUCT_BUNDLE_IDENTIFIER = "com.zcill.Campus-PlusUITests";
				PRODUCT_NAME = "$(TARGET_NAME)";
				TEST_TARGET_NAME = "Campus-Plus";
			};
			name = Debug;
		};
		4B05C6021D0F07B90050A2AA /* Release */ = {
			isa = XCBuildConfiguration;
			baseConfigurationReference = 9AF2AA719F7553AB158738AD /* Pods-Campus-Plus-Campus-PlusUITests.release.xcconfig */;
			buildSettings = {
				INFOPLIST_FILE = "Campus-PlusUITests/Info.plist";
				LD_RUNPATH_SEARCH_PATHS = "$(inherited) @executable_path/Frameworks @loader_path/Frameworks";
				PRODUCT_BUNDLE_IDENTIFIER = "com.zcill.Campus-PlusUITests";
				PRODUCT_NAME = "$(TARGET_NAME)";
				TEST_TARGET_NAME = "Campus-Plus";
			};
			name = Release;
		};
/* End XCBuildConfiguration section */

/* Begin XCConfigurationList section */
		4B05C5C81D0F07B90050A2AA /* Build configuration list for PBXProject "Campus-Plus" */ = {
			isa = XCConfigurationList;
			buildConfigurations = (
				4B05C5F81D0F07B90050A2AA /* Debug */,
				4B05C5F91D0F07B90050A2AA /* Release */,
			);
			defaultConfigurationIsVisible = 0;
			defaultConfigurationName = Release;
		};
		4B05C5FA1D0F07B90050A2AA /* Build configuration list for PBXNativeTarget "Campus-Plus" */ = {
			isa = XCConfigurationList;
			buildConfigurations = (
				4B05C5FB1D0F07B90050A2AA /* Debug */,
				4B05C5FC1D0F07B90050A2AA /* Release */,
			);
			defaultConfigurationIsVisible = 0;
			defaultConfigurationName = Release;
		};
		4B05C5FD1D0F07B90050A2AA /* Build configuration list for PBXNativeTarget "Campus-PlusTests" */ = {
			isa = XCConfigurationList;
			buildConfigurations = (
				4B05C5FE1D0F07B90050A2AA /* Debug */,
				4B05C5FF1D0F07B90050A2AA /* Release */,
			);
			defaultConfigurationIsVisible = 0;
			defaultConfigurationName = Release;
		};
		4B05C6001D0F07B90050A2AA /* Build configuration list for PBXNativeTarget "Campus-PlusUITests" */ = {
			isa = XCConfigurationList;
			buildConfigurations = (
				4B05C6011D0F07B90050A2AA /* Debug */,
				4B05C6021D0F07B90050A2AA /* Release */,
			);
			defaultConfigurationIsVisible = 0;
			defaultConfigurationName = Release;
		};
/* End XCConfigurationList section */
	};
	rootObject = 4B05C5C51D0F07B90050A2AA /* Project object */;
}
